# This file is automatically @generated by Cargo.
# It is not intended for manual editing.
version = 4

[[package]]
name = "ai-acp"
version = "0.1.0"

[[package]]
name = "ai-inline"
version = "0.1.0"

[[package]]
name = "app-shell"
version = "0.1.0"

[[package]]
name = "banshee-mcp"
version = "0.1.0"

[[package]]
name = "config"
version = "0.1.0"

[[package]]
name = "ghostty-vt-sys"
version = "0.1.0"

[[package]]
name = "layout"
version = "0.1.0"

[[package]]
name = "persist"
version = "0.1.0"

[[package]]
name = "term-core"
version = "0.1.0"

[[package]]
name = "term-input"
version = "0.1.0"

[[package]]
name = "term-pty"
version = "0.1.0"

[[package]]
name = "term-render"
version = "0.1.0"

[[package]]
name = "xtask"
version = "0.1.0"
